<?xml version="1.0" encoding="utf-8"?>
<Project ToolsVersion="4.0" xmlns="http://schemas.microsoft.com/developer/msbuild/2003">
  <ItemGroup>
    <Filter Include="Source Files">
      <UniqueIdentifier>{4FC737F1-C7A5-4376-A066-2A32D752A2FF}</UniqueIdentifier>
      <Extensions>cpp;c;cc;cxx;def;odl;idl;hpj;bat;asm;asmx</Extensions>
    </Filter>
    <Filter Include="Header Files">
      <UniqueIdentifier>{93995380-89BD-4b04-88EB-625FBE52EBFB}</UniqueIdentifier>
      <Extensions>h;hpp;hxx;hm;inl;inc;xsd</Extensions>
    </Filter>
    <Filter Include="Resource Files">
      <UniqueIdentifier>{67DA6AB6-F800-4c08-8B7A-83BB121AAD01}</UniqueIdentifier>
      <Extensions>rc;ico;cur;bmp;dlg;rc2;rct;bin;rgs;gif;jpg;jpeg;jpe;resx;tiff;tif;png;wav;mfcribbon-ms</Extensions>
    </Filter>
    <Filter Include="Inline Files">
      <UniqueIdentifier>{65c98d69-e65b-47f3-aa81-bb9d1035dc1c}</UniqueIdentifier>
    </Filter>
    <Filter Include="Resource Files\Items">
      <UniqueIdentifier>{992a84fe-00d9-4c59-9ed3-a002e010a9de}</UniqueIdentifier>
    </Filter>
    <Filter Include="Resource Files\Backgrounds">
      <UniqueIdentifier>{7d1af39b-cdbb-4097-b091-6cf3a05be0da}</UniqueIdentifier>
    </Filter>
    <Filter Include="Resource Files\Persos">
      <UniqueIdentifier>{9700b602-379f-44e6-9481-0f072714ebe3}</UniqueIdentifier>
    </Filter>
    <Filter Include="Resource Files\Objects">
      <UniqueIdentifier>{f0bf41b6-797d-42f7-85d3-3c169c167b38}</UniqueIdentifier>
    </Filter>
    <Filter Include="Resource Files\Monsters">
      <UniqueIdentifier>{deb485ca-32a7-4e32-9870-6357db529d27}</UniqueIdentifier>
    </Filter>
    <Filter Include="Resource Files\Pipes">
      <UniqueIdentifier>{f6ec0b12-2f05-4185-866b-c4a63d069973}</UniqueIdentifier>
    </Filter>
    <Filter Include="Resource Files\Blocs">
      <UniqueIdentifier>{8331310c-73d2-461c-ba74-2d32c790c906}</UniqueIdentifier>
    </Filter>
    <Filter Include="Resource Files\Blocs\Classiques">
      <UniqueIdentifier>{b86a01fb-d735-4300-8823-1d410d195501}</UniqueIdentifier>
    </Filter>
    <Filter Include="Resource Files\Blocs\Speciaux">
      <UniqueIdentifier>{a733e3e9-2b42-45e6-9b04-095a59cbf03d}</UniqueIdentifier>
    </Filter>
    <Filter Include="Resource Files\Blocs\Speciaux\Cassables">
      <UniqueIdentifier>{e41149c0-1d3c-491d-8342-dde81d0b4526}</UniqueIdentifier>
    </Filter>
    <Filter Include="Resource Files\Blocs\Speciaux\Incassables">
      <UniqueIdentifier>{3010b48b-9d50-4096-aab6-e3faadc6efe7}</UniqueIdentifier>
    </Filter>
    <Filter Include="Resource Files\Blocs\Speciaux\Incassables\[Q]">
      <UniqueIdentifier>{4c9a5a69-e32a-4869-81c3-70d467ff243d}</UniqueIdentifier>
    </Filter>
    <Filter Include="Resource Files\Blocs\Speciaux\Incassables\Interaction">
      <UniqueIdentifier>{be647bd2-340f-4139-884c-514e27e341de}</UniqueIdentifier>
    </Filter>
    <Filter Include="Resource Files\Blocs\Speciaux\Incassables\Liquids">
      <UniqueIdentifier>{2c5972fc-4061-4b1a-b791-39655a9ccd9c}</UniqueIdentifier>
    </Filter>
  </ItemGroup>
  <ItemGroup>
    <ClInclude Include="Background.hpp">
      <Filter>Header Files</Filter>
    </ClInclude>
    <ClInclude Include="BlockOccurrence.hpp">
      <Filter>Header Files</Filter>
    </ClInclude>
    <ClInclude Include="Collisionable.hpp">
      <Filter>Header Files</Filter>
    </ClInclude>
    <ClInclude Include="CollisionManager.hpp">
      <Filter>Header Files</Filter>
    </ClInclude>
    <ClInclude Include="Door.hpp">
      <Filter>Header Files</Filter>
    </ClInclude>
    <ClInclude Include="Drawable.hpp">
      <Filter>Header Files</Filter>
    </ClInclude>
    <ClInclude Include="EntityMovable.hpp">
      <Filter>Header Files</Filter>
    </ClInclude>
    <ClInclude Include="Finish.hpp">
      <Filter>Header Files</Filter>
    </ClInclude>
    <ClInclude Include="Item.hpp">
      <Filter>Header Files</Filter>
    </ClInclude>
    <ClInclude Include="ItemOccurrence.hpp">
      <Filter>Header Files</Filter>
    </ClInclude>
    <ClInclude Include="Monster.hpp">
      <Filter>Header Files</Filter>
    </ClInclude>
    <ClInclude Include="MonsterOccurrence.hpp">
      <Filter>Header Files</Filter>
    </ClInclude>
    <ClInclude Include="Object.hpp">
      <Filter>Header Files</Filter>
    </ClInclude>
    <ClInclude Include="Particle.hpp">
      <Filter>Header Files</Filter>
    </ClInclude>
    <ClInclude Include="ParticleGenerator.hpp">
      <Filter>Header Files</Filter>
    </ClInclude>
    <ClInclude Include="Perso.hpp">
      <Filter>Header Files</Filter>
    </ClInclude>
    <ClInclude Include="Pipe.hpp">
      <Filter>Header Files</Filter>
    </ClInclude>
    <ClInclude Include="Projectile.hpp">
      <Filter>Header Files</Filter>
    </ClInclude>
    <ClInclude Include="ProjectileOccurrence.hpp">
      <Filter>Header Files</Filter>
    </ClInclude>
    <ClInclude Include="Resource.hpp">
      <Filter>Header Files</Filter>
    </ClInclude>
    <ClInclude Include="ResourceManager.hpp">
      <Filter>Header Files</Filter>
    </ClInclude>
    <ClInclude Include="Texture.hpp">
      <Filter>Header Files</Filter>
    </ClInclude>
    <ClInclude Include="Foreground.hpp">
      <Filter>Header Files</Filter>
    </ClInclude>
    <ClInclude Include="Checkpoint.hpp">
      <Filter>Header Files</Filter>
    </ClInclude>
    <ClInclude Include="Level.hpp">
      <Filter>Header Files</Filter>
    </ClInclude>
    <ClInclude Include="World.hpp">
      <Filter>Header Files</Filter>
    </ClInclude>
    <ClInclude Include="HUD.hpp">
      <Filter>Header Files</Filter>
    </ClInclude>
    <ClInclude Include="InputState.hpp">
      <Filter>Header Files</Filter>
    </ClInclude>
    <ClInclude Include="MonsterTypes.hpp">
      <Filter>Header Files</Filter>
    </ClInclude>
    <ClInclude Include="Animation.hpp">
      <Filter>Header Files</Filter>
    </ClInclude>
    <ClInclude Include="PausableClock.hpp">
      <Filter>Header Files</Filter>
    </ClInclude>
    <ClInclude Include="XMLParser.hpp">
      <Filter>Header Files</Filter>
    </ClInclude>
    <ClInclude Include="Tileset.hpp">
      <Filter>Header Files</Filter>
    </ClInclude>
    <ClInclude Include="Block.hpp">
      <Filter>Header Files</Filter>
    </ClInclude>
    <ClInclude Include="ReversedSprite.hpp">
      <Filter>Header Files</Filter>
    </ClInclude>
    <ClInclude Include="QuadTree.hpp">
      <Filter>Header Files</Filter>
    </ClInclude>
    <ClInclude Include="FileException.hpp">
      <Filter>Header Files</Filter>
    </ClInclude>
  </ItemGroup>
  <ItemGroup>
    <ClCompile Include="Background.cpp">
      <Filter>Source Files</Filter>
    </ClCompile>
    <ClCompile Include="BlockOccurrence.cpp">
      <Filter>Source Files</Filter>
    </ClCompile>
    <ClCompile Include="Collisionable.cpp">
      <Filter>Source Files</Filter>
    </ClCompile>
    <ClCompile Include="CollisionManager.cpp">
      <Filter>Source Files</Filter>
    </ClCompile>
    <ClCompile Include="Door.cpp">
      <Filter>Source Files</Filter>
    </ClCompile>
    <ClCompile Include="Drawable.cpp">
      <Filter>Source Files</Filter>
    </ClCompile>
    <ClCompile Include="EntityMovable.cpp">
      <Filter>Source Files</Filter>
    </ClCompile>
    <ClCompile Include="Finish.cpp">
      <Filter>Source Files</Filter>
    </ClCompile>
    <ClCompile Include="Item.cpp">
      <Filter>Source Files</Filter>
    </ClCompile>
    <ClCompile Include="ItemOccurrence.cpp">
      <Filter>Source Files</Filter>
    </ClCompile>
    <ClCompile Include="Monster.cpp">
      <Filter>Source Files</Filter>
    </ClCompile>
    <ClCompile Include="MonsterOccurrence.cpp">
      <Filter>Source Files</Filter>
    </ClCompile>
    <ClCompile Include="Object.cpp">
      <Filter>Source Files</Filter>
    </ClCompile>
    <ClCompile Include="Particle.cpp">
      <Filter>Source Files</Filter>
    </ClCompile>
    <ClCompile Include="ParticleGenerator.cpp">
      <Filter>Source Files</Filter>
    </ClCompile>
    <ClCompile Include="Perso.cpp">
      <Filter>Source Files</Filter>
    </ClCompile>
    <ClCompile Include="Pipe.cpp">
      <Filter>Source Files</Filter>
    </ClCompile>
    <ClCompile Include="Projectile.cpp">
      <Filter>Source Files</Filter>
    </ClCompile>
    <ClCompile Include="ProjectileOccurrence.cpp">
      <Filter>Source Files</Filter>
    </ClCompile>
    <ClCompile Include="Resource.cpp">
      <Filter>Source Files</Filter>
    </ClCompile>
    <ClCompile Include="ResourceManager.cpp">
      <Filter>Source Files</Filter>
    </ClCompile>
    <ClCompile Include="Texture.cpp">
      <Filter>Source Files</Filter>
    </ClCompile>
    <ClCompile Include="Foreground.cpp">
      <Filter>Source Files</Filter>
    </ClCompile>
    <ClCompile Include="Checkpoint.cpp">
      <Filter>Source Files</Filter>
    </ClCompile>
    <ClCompile Include="World.cpp">
      <Filter>Source Files</Filter>
    </ClCompile>
    <ClCompile Include="Level.cpp">
      <Filter>Source Files</Filter>
    </ClCompile>
    <ClCompile Include="Main.cpp">
      <Filter>Source Files</Filter>
    </ClCompile>
    <ClCompile Include="HUD.cpp">
      <Filter>Source Files</Filter>
    </ClCompile>
    <ClCompile Include="InputState.cpp">
      <Filter>Source Files</Filter>
    </ClCompile>
    <ClCompile Include="MonsterTypes.cpp">
      <Filter>Source Files</Filter>
    </ClCompile>
    <ClCompile Include="XMLParser.cpp">
      <Filter>Source Files</Filter>
    </ClCompile>
    <ClCompile Include="Tileset.cpp">
      <Filter>Source Files</Filter>
    </ClCompile>
    <ClCompile Include="Block.cpp">
      <Filter>Source Files</Filter>
    </ClCompile>
    <ClCompile Include="ReversedSprite.cpp">
      <Filter>Source Files</Filter>
    </ClCompile>
    <ClCompile Include="QuadTree.cpp">
      <Filter>Source Files</Filter>
    </ClCompile>
  </ItemGroup>
  <ItemGroup>
    <None Include="ResourceManager.inl">
      <Filter>Inline Files</Filter>
    </None>
    <None Include="Animation.inl">
      <Filter>Inline Files</Filter>
    </None>
    <None Include="ClassDiagram1.cd" />
    <None Include="textures\blocs\classiques\classiques.cfg">
      <Filter>Resource Files\Blocs\Classiques</Filter>
    </None>
    <None Include="textures\blocs\classiques\grass.png">
      <Filter>Resource Files\Blocs\Classiques</Filter>
    </None>
    <None Include="textures\blocs\classiques\snow.png">
      <Filter>Resource Files\Blocs\Classiques</Filter>
    </None>
    <None Include="textures\blocs\classiques\underground.png">
      <Filter>Resource Files\Blocs\Classiques</Filter>
    </None>
    <None Include="textures\blocs\speciaux\cassables\cassables.cfg">
      <Filter>Resource Files\Blocs\Speciaux\Cassables</Filter>
    </None>
    <None Include="textures\blocs\speciaux\cassables\overworld.png">
      <Filter>Resource Files\Blocs\Speciaux\Cassables</Filter>
    </None>
    <None Include="textures\blocs\speciaux\incassables\[Q]\[Q].cfg">
      <Filter>Resource Files\Blocs\Speciaux\Incassables\[Q]</Filter>
    </None>
    <None Include="textures\blocs\speciaux\incassables\[Q]\overworld.png">
      <Filter>Resource Files\Blocs\Speciaux\Incassables\[Q]</Filter>
    </None>
    <None Include="textures\blocs\speciaux\incassables\[Q]\overworld2.png">
      <Filter>Resource Files\Blocs\Speciaux\Incassables\[Q]</Filter>
    </None>
    <None Include="textures\blocs\speciaux\incassables\interaction\blue_plant.png">
      <Filter>Resource Files\Blocs\Speciaux\Incassables\Interaction</Filter>
    </None>
    <None Include="textures\blocs\speciaux\incassables\interaction\green_plant.png">
      <Filter>Resource Files\Blocs\Speciaux\Incassables\Interaction</Filter>
    </None>
    <None Include="textures\blocs\speciaux\incassables\interaction\interaction.cfg">
      <Filter>Resource Files\Blocs\Speciaux\Incassables\Interaction</Filter>
    </None>
    <None Include="textures\blocs\speciaux\incassables\interaction\orange_plant.png">
      <Filter>Resource Files\Blocs\Speciaux\Incassables\Interaction</Filter>
    </None>
    <None Include="textures\blocs\speciaux\incassables\liquids\lava.png">
      <Filter>Resource Files\Blocs\Speciaux\Incassables\Liquids</Filter>
    </None>
    <None Include="textures\blocs\speciaux\incassables\liquids\liquids.cfg">
      <Filter>Resource Files\Blocs\Speciaux\Incassables\Liquids</Filter>
    </None>
    <None Include="textures\blocs\speciaux\incassables\liquids\poison.png">
      <Filter>Resource Files\Blocs\Speciaux\Incassables\Liquids</Filter>
    </None>
  </ItemGroup>
  <ItemGroup>
    <Resource Include="levels\smb.xml">
      <Filter>Resource Files</Filter>
    </Resource>
    <Resource Include="worlds\world1.xml">
      <Filter>Resource Files</Filter>
    </Resource>
    <Resource Include="textures\items\champivie.item">
      <Filter>Resource Files\Items</Filter>
    </Resource>
    <Resource Include="textures\items\champivie.png">
      <Filter>Resource Files\Items</Filter>
    </Resource>
    <Resource Include="textures\items\etoile.png">
      <Filter>Resource Files\Items</Filter>
    </Resource>
    <Resource Include="textures\projectiles\fireball.proj">
      <Filter>Resource Files\Items</Filter>
    </Resource>
    <Resource Include="textures\items\fleur.item">
      <Filter>Resource Files\Items</Filter>
    </Resource>
    <Resource Include="textures\items\fleur.png">
      <Filter>Resource Files\Items</Filter>
    </Resource>
    <Resource Include="textures\items\piece.item">
      <Filter>Resource Files\Items</Filter>
    </Resource>
    <Resource Include="textures\items\piece.png">
      <Filter>Resource Files\Items</Filter>
    </Resource>
    <Resource Include="textures\objects\castle.obj">
      <Filter>Resource Files\Objects</Filter>
    </Resource>
    <Resource Include="textures\objects\castle.png">
      <Filter>Resource Files\Objects</Filter>
    </Resource>
    <Resource Include="textures\objects\checkpoint.png">
      <Filter>Resource Files\Objects</Filter>
    </Resource>
    <Resource Include="textures\monsters\red_koopa.mstr">
      <Filter>Resource Files\Monsters</Filter>
    </Resource>
    <Resource Include="textures\monsters\red_koopa.png">
      <Filter>Resource Files\Monsters</Filter>
    </Resource>
    <Resource Include="textures\pipes\brown_pipe.png">
      <Filter>Resource Files\Pipes</Filter>
    </Resource>
    <Resource Include="textures\pipes\green_pipe.png">
      <Filter>Resource Files\Pipes</Filter>
    </Resource>
  </ItemGroup>
</Project>