
Microsoft Visual Studio Solution File, Format Version 11.00
# Visual Studio 2010
Project("{8BC9CEB8-8B4A-11D0-8D11-00A0C91BC942}") = "Super Mario Project", "Super Mario Project\Super Mario Project.vcxproj", "{8CC0CA62-E99E-4EED-B40F-4C6F17C1B505}"
EndProject
Project("{8BC9CEB8-8B4A-11D0-8D11-00A0C91BC942}") = "Super Mario Project Editor", "Super Mario Project Editor\Super Mario Project Editor.vcxproj", "{2C8FFE38-9CD8-4E47-86BA-D4F9777830D5}"
EndProject
Global
	GlobalSection(SubversionScc) = preSolution
		Svn-Managed = True
		Manager = AnkhSVN - Subversion Support for Visual Studio
	EndGlobalSection
	GlobalSection(SolutionConfigurationPlatforms) = preSolution
		Debug|Win32 = Debug|Win32
		Release|Win32 = Release|Win32
	EndGlobalSection
	GlobalSection(ProjectConfigurationPlatforms) = postSolution
		{8CC0CA62-E99E-4EED-B40F-4C6F17C1B505}.Debug|Win32.ActiveCfg = Debug|Win32
		{8CC0CA62-E99E-4EED-B40F-4C6F17C1B505}.Debug|Win32.Build.0 = Debug|Win32
		{8CC0CA62-E99E-4EED-B40F-4C6F17C1B505}.Release|Win32.ActiveCfg = Release|Win32
		{8CC0CA62-E99E-4EED-B40F-4C6F17C1B505}.Release|Win32.Build.0 = Release|Win32
		{2C8FFE38-9CD8-4E47-86BA-D4F9777830D5}.Debug|Win32.ActiveCfg = Debug|Win32
		{2C8FFE38-9CD8-4E47-86BA-D4F9777830D5}.Debug|Win32.Build.0 = Debug|Win32
		{2C8FFE38-9CD8-4E47-86BA-D4F9777830D5}.Release|Win32.ActiveCfg = Release|Win32
		{2C8FFE38-9CD8-4E47-86BA-D4F9777830D5}.Release|Win32.Build.0 = Release|Win32
	EndGlobalSection
	GlobalSection(SolutionProperties) = preSolution
		HideSolutionNode = FALSE
	EndGlobalSection
EndGlobal
